# THIS IS AN AUTOGENERATED FILE. DO NOT EDIT THIS FILE DIRECTLY.
# yarn lockfile v1


"@nomiclabs/hardhat-ethers@^2.0.2":
  version "2.0.2"
  resolved "https://registry.yarnpkg.com/@nomiclabs/hardhat-ethers/-/hardhat-ethers-2.0.2.tgz#c472abcba0c5185aaa4ad4070146e95213c68511"
  integrity sha512-6quxWe8wwS4X5v3Au8q1jOvXYEPkS1Fh+cME5u6AwNdnI4uERvPlVjlgRWzpnb+Rrt1l/cEqiNRH9GlsBMSDQg==

"@nomiclabs/hardhat-waffle@^2.0.1":
  version "2.0.1"
  resolved "https://registry.yarnpkg.com/@nomiclabs/hardhat-waffle/-/hardhat-waffle-2.0.1.tgz#5d43654fba780720c5033dea240fe14f70ef4bd2"
  integrity sha512-2YR2V5zTiztSH9n8BYWgtv3Q+EL0N5Ltm1PAr5z20uAY4SkkfylJ98CIqt18XFvxTD5x4K2wKBzddjV9ViDAZQ==
  dependencies:
    "@types/sinon-chai" "^3.2.3"
    "@types/web3" "1.0.19"

"@sinonjs/commons@^1.7.0":
  version "1.8.3"
  resolved "https://registry.yarnpkg.com/@sinonjs/commons/-/commons-1.8.3.tgz#3802ddd21a50a949b6721ddd72da36e67e7f1b2d"
  integrity sha512-xkNcLAn/wZaX14RPlwizcKicDk9G3F8m2nU3L7Ukm5zBgTwiT0wsoFAHx9Jq56fJA1z/7uKGtCRu16sOUCLIHQ==
  dependencies:
    type-detect "4.0.8"

"@sinonjs/fake-timers@^7.1.0":
  version "7.1.2"
  resolved "https://registry.yarnpkg.com/@sinonjs/fake-timers/-/fake-timers-7.1.2.tgz#2524eae70c4910edccf99b2f4e6efc5894aff7b5"
  integrity sha512-iQADsW4LBMISqZ6Ci1dupJL9pprqwcVFTcOsEmQOEhW+KLCVn/Y4Jrvg2k19fIHCp+iFprriYPTdRcQR8NbUPg==
  dependencies:
    "@sinonjs/commons" "^1.7.0"

"@types/bn.js@*":
  version "5.1.0"
  resolved "https://registry.yarnpkg.com/@types/bn.js/-/bn.js-5.1.0.tgz#32c5d271503a12653c62cf4d2b45e6eab8cebc68"
  integrity sha512-QSSVYj7pYFN49kW77o2s9xTCwZ8F2xLbjLLSEVh8D2F4JUhZtPAGOFLTD+ffqksBx/u4cE/KImFjyhqCjn/LIA==
  dependencies:
    "@types/node" "*"

"@types/chai@*":
  version "4.2.22"
  resolved "https://registry.yarnpkg.com/@types/chai/-/chai-4.2.22.tgz#47020d7e4cf19194d43b5202f35f75bd2ad35ce7"
  integrity sha512-tFfcE+DSTzWAgifkjik9AySNqIyNoYwmR+uecPwwD/XRNfvOjmC/FjCxpiUGDkDVDphPfCUecSQVFw+lN3M3kQ==

"@types/node@*":
  version "16.11.1"
  resolved "https://registry.yarnpkg.com/@types/node/-/node-16.11.1.tgz#2e50a649a50fc403433a14f829eface1a3443e97"
  integrity sha512-PYGcJHL9mwl1Ek3PLiYgyEKtwTMmkMw4vbiyz/ps3pfdRYLVv+SN7qHVAImrjdAXxgluDEw6Ph4lyv+m9UpRmA==

"@types/sinon-chai@^3.2.3":
  version "3.2.5"
  resolved "https://registry.yarnpkg.com/@types/sinon-chai/-/sinon-chai-3.2.5.tgz#df21ae57b10757da0b26f512145c065f2ad45c48"
  integrity sha512-bKQqIpew7mmIGNRlxW6Zli/QVyc3zikpGzCa797B/tRnD9OtHvZ/ts8sYXV+Ilj9u3QRaUEM8xrjgd1gwm1BpQ==
  dependencies:
    "@types/chai" "*"
    "@types/sinon" "*"

"@types/sinon@*":
  version "10.0.4"
  resolved "https://registry.yarnpkg.com/@types/sinon/-/sinon-10.0.4.tgz#9332527665692b9f6826afe017f342a3ac6120f4"
  integrity sha512-fOYjrxQv8zJsqOY6V6ecP4eZhQBxtY80X0er1VVnUIAIZo74jHm8e1vguG5Yt4Iv8W2Wr7TgibB8MfRe32k9pA==
  dependencies:
    "@sinonjs/fake-timers" "^7.1.0"

"@types/underscore@*":
  version "1.11.3"
  resolved "https://registry.yarnpkg.com/@types/underscore/-/underscore-1.11.3.tgz#d6734f3741ce41b2630018c6b61c6745f6188c07"
  integrity sha512-Fl1TX1dapfXyDqFg2ic9M+vlXRktcPJrc4PR7sRc7sdVrjavg/JHlbUXBt8qWWqhJrmSqg3RNAkAPRiOYw6Ahw==

"@types/web3@1.0.19":
  version "1.0.19"
  resolved "https://registry.yarnpkg.com/@types/web3/-/web3-1.0.19.tgz#46b85d91d398ded9ab7c85a5dd57cb33ac558924"
  integrity sha512-fhZ9DyvDYDwHZUp5/STa9XW2re0E8GxoioYJ4pEUZ13YHpApSagixj7IAdoYH5uAK+UalGq6Ml8LYzmgRA/q+A==
  dependencies:
    "@types/bn.js" "*"
    "@types/underscore" "*"

type-detect@4.0.8:
  version "4.0.8"
  resolved "https://registry.yarnpkg.com/type-detect/-/type-detect-4.0.8.tgz#7646fb5f18871cfbb7749e69bd39a6388eb7450c"
  integrity sha512-0fr/mIH1dlO+x7TlcMy+bIDqKPsw/70tVyeHW787goQjhmqaZe10uwLujubK9q9Lg6Fiho1KUKDYz0Z7k7g5/g==
